// !$*UTF8*$!
{
	archiveVersion = 1;
	classes = {
	};
	objectVersion = 47;
	objects = {

/* Begin PBXBuildFile section */
		FE3BAE1A1E096D0F00B22364 /* PlaySoundsViewController.swift in Sources */ = {isa = PBXBuildFile; fileRef = FE3BAE191E096D0F00B22364 /* PlaySoundsViewController.swift */; };
		FE3BAE2D1E09891200B22364 /* BasicOperationTest.swift in Sources */ = {isa = PBXBuildFile; fileRef = FE3BAE1D1E0987CF00B22364 /* BasicOperationTest.swift */; };
		FE834C1D1E0172CD00995177 /* AppDelegate.swift in Sources */ = {isa = PBXBuildFile; fileRef = FE834C1C1E0172CD00995177 /* AppDelegate.swift */; };
		FE834C1F1E0172CD00995177 /* RecordSoundsViewController.swift in Sources */ = {isa = PBXBuildFile; fileRef = FE834C1E1E0172CD00995177 /* RecordSoundsViewController.swift */; };
		FE834C221E0172CD00995177 /* Main.storyboard in Resources */ = {isa = PBXBuildFile; fileRef = FE834C201E0172CD00995177 /* Main.storyboard */; };
		FE834C241E0172CD00995177 /* Assets.xcassets in Resources */ = {isa = PBXBuildFile; fileRef = FE834C231E0172CD00995177 /* Assets.xcassets */; };
		FE834C271E0172CD00995177 /* LaunchScreen.storyboard in Resources */ = {isa = PBXBuildFile; fileRef = FE834C251E0172CD00995177 /* LaunchScreen.storyboard */; };
/* End PBXBuildFile section */

/* Begin PBXContainerItemProxy section */
		FE3BAE281E0988D900B22364 /* PBXContainerItemProxy */ = {
			isa = PBXContainerItemProxy;
			containerPortal = FE834C111E0172CD00995177 /* Project object */;
			proxyType = 1;
			remoteGlobalIDString = FE834C181E0172CD00995177;
			remoteInfo = PitchPerfect;
		};
/* End PBXContainerItemProxy section */

/* Begin PBXFileReference section */
		FE3BAE191E096D0F00B22364 /* PlaySoundsViewController.swift */ = {isa = PBXFileReference; fileEncoding = 4; lastKnownFileType = sourcecode.swift; path = PlaySoundsViewController.swift; sourceTree = "<group>"; };
		FE3BAE1D1E0987CF00B22364 /* BasicOperationTest.swift */ = {isa = PBXFileReference; fileEncoding = 4; lastKnownFileType = sourcecode.swift; name = BasicOperationTest.swift; path = ../BasicOperationTest.swift; sourceTree = "<group>"; };
		FE3BAE231E0988D900B22364 /* PitchPerfectUITests.xctest */ = {isa = PBXFileReference; explicitFileType = wrapper.cfbundle; includeInIndex = 0; path = PitchPerfectUITests.xctest; sourceTree = BUILT_PRODUCTS_DIR; };
		FE3BAE271E0988D900B22364 /* Info.plist */ = {isa = PBXFileReference; lastKnownFileType = text.plist.xml; path = Info.plist; sourceTree = "<group>"; };
		FE834C191E0172CD00995177 /* PitchPerfect.app */ = {isa = PBXFileReference; explicitFileType = wrapper.application; includeInIndex = 0; path = PitchPerfect.app; sourceTree = BUILT_PRODUCTS_DIR; };
		FE834C1C1E0172CD00995177 /* AppDelegate.swift */ = {isa = PBXFileReference; lastKnownFileType = sourcecode.swift; path = AppDelegate.swift; sourceTree = "<group>"; };
		FE834C1E1E0172CD00995177 /* RecordSoundsViewController.swift */ = {isa = PBXFileReference; lastKnownFileType = sourcecode.swift; path = RecordSoundsViewController.swift; sourceTree = "<group>"; };
		FE834C211E0172CD00995177 /* Base */ = {isa = PBXFileReference; lastKnownFileType = file.storyboard; name = Base; path = Base.lproj/Main.storyboard; sourceTree = "<group>"; };
		FE834C231E0172CD00995177 /* Assets.xcassets */ = {isa = PBXFileReference; lastKnownFileType = folder.assetcatalog; path = Assets.xcassets; sourceTree = "<group>"; };
		FE834C261E0172CD00995177 /* Base */ = {isa = PBXFileReference; lastKnownFileType = file.storyboard; name = Base; path = Base.lproj/LaunchScreen.storyboard; sourceTree = "<group>"; };
		FE834C281E0172CD00995177 /* Info.plist */ = {isa = PBXFileReference; lastKnownFileType = text.plist.xml; path = Info.plist; sourceTree = "<group>"; };
/* End PBXFileReference section */

/* Begin PBXFrameworksBuildPhase section */
		FE3BAE201E0988D900B22364 /* Frameworks */ = {
			isa = PBXFrameworksBuildPhase;
			buildActionMask = 2147483647;
			files = (
			);
			runOnlyForDeploymentPostprocessing = 0;
		};
		FE834C161E0172CD00995177 /* Frameworks */ = {
			isa = PBXFrameworksBuildPhase;
			buildActionMask = 2147483647;
			files = (
			);
			runOnlyForDeploymentPostprocessing = 0;
		};
/* End PBXFrameworksBuildPhase section */

/* Begin PBXGroup section */
		FE3BAE241E0988D900B22364 /* PitchPerfectUITests */ = {
			isa = PBXGroup;
			children = (
				FE3BAE1D1E0987CF00B22364 /* BasicOperationTest.swift */,
				FE3BAE271E0988D900B22364 /* Info.plist */,
			);
			path = PitchPerfectUITests;
			sourceTree = "<group>";
		};
		FE834C101E0172CD00995177 = {
			isa = PBXGroup;
			children = (
				FE834C1B1E0172CD00995177 /* PitchPerfect */,
				FE3BAE241E0988D900B22364 /* PitchPerfectUITests */,
				FE834C1A1E0172CD00995177 /* Products */,
			);
			sourceTree = "<group>";
		};
		FE834C1A1E0172CD00995177 /* Products */ = {
			isa = PBXGroup;
			children = (
				FE834C191E0172CD00995177 /* PitchPerfect.app */,
				FE3BAE231E0988D900B22364 /* PitchPerfectUITests.xctest */,
			);
			name = Products;
			sourceTree = "<group>";
		};
		FE834C1B1E0172CD00995177 /* PitchPerfect */ = {
			isa = PBXGroup;
			children = (
				FE834C1C1E0172CD00995177 /* AppDelegate.swift */,
				FE834C1E1E0172CD00995177 /* RecordSoundsViewController.swift */,
				FE834C201E0172CD00995177 /* Main.storyboard */,
				FE834C231E0172CD00995177 /* Assets.xcassets */,
				FE834C251E0172CD00995177 /* LaunchScreen.storyboard */,
				FE834C281E0172CD00995177 /* Info.plist */,
				FE3BAE191E096D0F00B22364 /* PlaySoundsViewController.swift */,
			);
			path = PitchPerfect;
			sourceTree = "<group>";
		};
/* End PBXGroup section */

/* Begin PBXNativeTarget section */
		FE3BAE221E0988D900B22364 /* PitchPerfectUITests */ = {
			isa = PBXNativeTarget;
			buildConfigurationList = FE3BAE2A1E0988D900B22364 /* Build configuration list for PBXNativeTarget "PitchPerfectUITests" */;
			buildPhases = (
				FE3BAE1F1E0988D900B22364 /* Sources */,
				FE3BAE201E0988D900B22364 /* Frameworks */,
				FE3BAE211E0988D900B22364 /* Resources */,
			);
			buildRules = (
			);
			dependencies = (
				FE3BAE291E0988D900B22364 /* PBXTargetDependency */,
			);
			name = PitchPerfectUITests;
			productName = PitchPerfectUITests;
			productReference = FE3BAE231E0988D900B22364 /* PitchPerfectUITests.xctest */;
			productType = "com.apple.product-type.bundle.ui-testing";
		};
		FE834C181E0172CD00995177 /* PitchPerfect */ = {
			isa = PBXNativeTarget;
			buildConfigurationList = FE834C2B1E0172CD00995177 /* Build configuration list for PBXNativeTarget "PitchPerfect" */;
			buildPhases = (
				FE834C151E0172CD00995177 /* Sources */,
				FE834C161E0172CD00995177 /* Frameworks */,
				FE834C171E0172CD00995177 /* Resources */,
			);
			buildRules = (
			);
			dependencies = (
			);
			name = PitchPerfect;
			productName = PitchPerfect;
			productReference = FE834C191E0172CD00995177 /* PitchPerfect.app */;
			productType = "com.apple.product-type.application";
		};
/* End PBXNativeTarget section */

/* Begin PBXProject section */
		FE834C111E0172CD00995177 /* Project object */ = {
			isa = PBXProject;
			attributes = {
				LastSwiftUpdateCheck = 0730;
				LastUpgradeCheck = 0820;
				ORGANIZATIONNAME = tdameritrade;
				TargetAttributes = {
					FE3BAE221E0988D900B22364 = {
						CreatedOnToolsVersion = 7.3.1;
						LastSwiftMigration = 0820;
						TestTargetID = FE834C181E0172CD00995177;
					};
					FE834C181E0172CD00995177 = {
						CreatedOnToolsVersion = 7.3.1;
						DevelopmentTeam = S4W9BMG93X;
						LastSwiftMigration = 0820;
					};
				};
			};
			buildConfigurationList = FE834C141E0172CD00995177 /* Build configuration list for PBXProject "PitchPerfect" */;
			compatibilityVersion = "Xcode 6.3";
			developmentRegion = English;
			hasScannedForEncodings = 0;
			knownRegions = (
				en,
				Base,
			);
			mainGroup = FE834C101E0172CD00995177;
			productRefGroup = FE834C1A1E0172CD00995177 /* Products */;
			projectDirPath = "";
			projectRoot = "";
			targets = (
				FE834C181E0172CD00995177 /* PitchPerfect */,
				FE3BAE221E0988D900B22364 /* PitchPerfectUITests */,
			);
		};
/* End PBXProject section */

/* Begin PBXResourcesBuildPhase section */
		FE3BAE211E0988D900B22364 /* Resources */ = {
			isa = PBXResourcesBuildPhase;
			buildActionMask = 2147483647;
			files = (
			);
			runOnlyForDeploymentPostprocessing = 0;
		};
		FE834C171E0172CD00995177 /* Resources */ = {
			isa = PBXResourcesBuildPhase;
			buildActionMask = 2147483647;
			files = (
				FE834C271E0172CD00995177 /* LaunchScreen.storyboard in Resources */,
				FE834C241E0172CD00995177 /* Assets.xcassets in Resources */,
				FE834C221E0172CD00995177 /* Main.storyboard in Resources */,
			);
			runOnlyForDeploymentPostprocessing = 0;
		};
/* End PBXResourcesBuildPhase section */

/* Begin PBXSourcesBuildPhase section */
		FE3BAE1F1E0988D900B22364 /* Sources */ = {
			isa = PBXSourcesBuildPhase;
			buildActionMask = 2147483647;
			files = (
				FE3BAE2D1E09891200B22364 /* BasicOperationTest.swift in Sources */,
			);
			runOnlyForDeploymentPostprocessing = 0;
		};
		FE834C151E0172CD00995177 /* Sources */ = {
			isa = PBXSourcesBuildPhase;
			buildActionMask = 2147483647;
			files = (
				FE834C1F1E0172CD00995177 /* RecordSoundsViewController.swift in Sources */,
				FE3BAE1A1E096D0F00B22364 /* PlaySoundsViewController.swift in Sources */,
				FE834C1D1E0172CD00995177 /* AppDelegate.swift in Sources */,
			);
			runOnlyForDeploymentPostprocessing = 0;
		};
/* End PBXSourcesBuildPhase section */

/* Begin PBXTargetDependency section */
		FE3BAE291E0988D900B22364 /* PBXTargetDependency */ = {
			isa = PBXTargetDependency;
			target = FE834C181E0172CD00995177 /* PitchPerfect */;
			targetProxy = FE3BAE281E0988D900B22364 /* PBXContainerItemProxy */;
		};
/* End PBXTargetDependency section */

/* Begin PBXVariantGroup section */
		FE834C201E0172CD00995177 /* Main.storyboard */ = {
			isa = PBXVariantGroup;
			children = (
				FE834C211E0172CD00995177 /* Base */,
			);
			name = Main.storyboard;
			sourceTree = "<group>";
		};
		FE834C251E0172CD00995177 /* LaunchScreen.storyboard */ = {
			isa = PBXVariantGroup;
			children = (
				FE834C261E0172CD00995177 /* Base */,
			);
			name = LaunchScreen.storyboard;
			sourceTree = "<group>";
		};
/* End PBXVariantGroup section */

/* Begin XCBuildConfiguration section */
		FE3BAE2B1E0988D900B22364 /* Debug */ = {
			isa = XCBuildConfiguration;
			buildSettings = {
				INFOPLIST_FILE = PitchPerfectUITests/Info.plist;
				LD_RUNPATH_SEARCH_PATHS = "$(inherited) @executable_path/Frameworks @loader_path/Frameworks";
				PRODUCT_BUNDLE_IDENTIFIER = com.tdameritrade.billheitzeg.udacity.PitchPerfectUITests;
				PRODUCT_NAME = "$(TARGET_NAME)";
				SWIFT_VERSION = 3.0;
				TEST_TARGET_NAME = PitchPerfect;
			};
			name = Debug;
		};
		FE3BAE2C1E0988D900B22364 /* Release */ = {
			isa = XCBuildConfiguration;
			buildSettings = {
				INFOPLIST_FILE = PitchPerfectUITests/Info.plist;
				LD_RUNPATH_SEARCH_PATHS = "$(inherited) @executable_path/Frameworks @loader_path/Frameworks";
				PRODUCT_BUNDLE_IDENTIFIER = com.tdameritrade.billheitzeg.udacity.PitchPerfectUITests;
				PRODUCT_NAME = "$(TARGET_NAME)";
				SWIFT_VERSION = 3.0;
				TEST_TARGET_NAME = PitchPerfect;
			};
			name = Release;
		};
		FE834C291E0172CD00995177 /* Debug */ = {
			isa = XCBuildConfiguration;
			buildSettings = {
				ALWAYS_SEARCH_USER_PATHS = NO;
				CLANG_ANALYZER_NONNULL = YES;
				CLANG_CXX_LANGUAGE_STANDARD = "gnu++0x";
				CLANG_CXX_LIBRARY = "libc++";
				CLANG_ENABLE_MODULES = YES;
				CLANG_ENABLE_OBJC_ARC = YES;
				CLANG_WARN_BOOL_CONVERSION = YES;
				CLANG_WARN_CONSTANT_CONVERSION = YES;
				CLANG_WARN_DIRECT_OBJC_ISA_USAGE = YES_ERROR;
				CLANG_WARN_EMPTY_BODY = YES;
				CLANG_WARN_ENUM_CONVERSION = YES;
				CLANG_WARN_INFINITE_RECURSION = YES;
				CLANG_WARN_INT_CONVERSION = YES;
				CLANG_WARN_OBJC_ROOT_CLASS = YES_ERROR;
				CLANG_WARN_SUSPICIOUS_MOVE = YES;
				CLANG_WARN_UNREACHABLE_CODE = YES;
				CLANG_WARN__DUPLICATE_METHOD_MATCH = YES;
				"CODE_SIGN_IDENTITY[sdk=iphoneos*]" = "iPhone Developer";
				COPY_PHASE_STRIP = NO;
				DEBUG_INFORMATION_FORMAT = dwarf;
				ENABLE_STRICT_OBJC_MSGSEND = YES;
				ENABLE_TESTABILITY = YES;
				GCC_C_LANGUAGE_STANDARD = gnu99;
				GCC_DYNAMIC_NO_PIC = NO;
				GCC_NO_COMMON_BLOCKS = YES;
				GCC_OPTIMIZATION_LEVEL = 0;
				GCC_PREPROCESSOR_DEFINITIONS = (
					"DEBUG=1",
					"$(inherited)",
				);
				GCC_WARN_64_TO_32_BIT_CONVERSION = YES;
				GCC_WARN_ABOUT_RETURN_TYPE = YES_ERROR;
				GCC_WARN_UNDECLARED_SELECTOR = YES;
				GCC_WARN_UNINITIALIZED_AUTOS = YES_AGGRESSIVE;
				GCC_WARN_UNUSED_FUNCTION = YES;
				GCC_WARN_UNUSED_VARIABLE = YES;
				IPHONEOS_DEPLOYMENT_TARGET = 9.3;
				MTL_ENABLE_DEBUG_INFO = YES;
				ONLY_ACTIVE_ARCH = YES;
				SDKROOT = iphoneos;
				SWIFT_OPTIMIZATION_LEVEL = "-Onone";
				TARGETED_DEVICE_FAMILY = "1,2";
			};
			name = Debug;
		};
		FE834C2A1E0172CD00995177 /* Release */ = {
			isa = XCBuildConfiguration;
			buildSettings = {
				ALWAYS_SEARCH_USER_PATHS = NO;
				CLANG_ANALYZER_NONNULL = YES;
				CLANG_CXX_LANGUAGE_STANDARD = "gnu++0x";
				CLANG_CXX_LIBRARY = "libc++";
				CLANG_ENABLE_MODULES = YES;
				CLANG_ENABLE_OBJC_ARC = YES;
				CLANG_WARN_BOOL_CONVERSION = YES;
				CLANG_WARN_CONSTANT_CONVERSION = YES;
				CLANG_WARN_DIRECT_OBJC_ISA_USAGE = YES_ERROR;
				CLANG_WARN_EMPTY_BODY = YES;
				CLANG_WARN_ENUM_CONVERSION = YES;
				CLANG_WARN_INFINITE_RECURSION = YES;
				CLANG_WARN_INT_CONVERSION = YES;
				CLANG_WARN_OBJC_ROOT_CLASS = YES_ERROR;
				CLANG_WARN_SUSPICIOUS_MOVE = YES;
				CLANG_WARN_UNREACHABLE_CODE = YES;
				CLANG_WARN__DUPLICATE_METHOD_MATCH = YES;
				"CODE_SIGN_IDENTITY[sdk=iphoneos*]" = "iPhone Developer";
				COPY_PHASE_STRIP = NO;
				DEBUG_INFORMATION_FORMAT = "dwarf-with-dsym";
				ENABLE_NS_ASSERTIONS = NO;
				ENABLE_STRICT_OBJC_MSGSEND = YES;
				GCC_C_LANGUAGE_STANDARD = gnu99;
				GCC_NO_COMMON_BLOCKS = YES;
				GCC_WARN_64_TO_32_BIT_CONVERSION = YES;
				GCC_WARN_ABOUT_RETURN_TYPE = YES_ERROR;
				GCC_WARN_UNDECLARED_SELECTOR = YES;
				GCC_WARN_UNINITIALIZED_AUTOS = YES_AGGRESSIVE;
				GCC_WARN_UNUSED_FUNCTION = YES;
				GCC_WARN_UNUSED_VARIABLE = YES;
				IPHONEOS_DEPLOYMENT_TARGET = 9.3;
				MTL_ENABLE_DEBUG_INFO = NO;
				SDKROOT = iphoneos;
				SWIFT_OPTIMIZATION_LEVEL = "-Owholemodule";
				TARGETED_DEVICE_FAMILY = "1,2";
				VALIDATE_PRODUCT = YES;
			};
			name = Release;
		};
		FE834C2C1E0172CD00995177 /* Debug */ = {
			isa = XCBuildConfiguration;
			buildSettings = {
				ASSETCATALOG_COMPILER_APPICON_NAME = AppIcon;
				DEVELOPMENT_TEAM = S4W9BMG93X;
				INFOPLIST_FILE = PitchPerfect/Info.plist;
				LD_RUNPATH_SEARCH_PATHS = "$(inherited) @executable_path/Frameworks";
				PRODUCT_BUNDLE_IDENTIFIER = com.tdameritrade.billheitzeg.udacity.PitchPerfect;
				PRODUCT_NAME = "$(TARGET_NAME)";
				SWIFT_VERSION = 3.0;
			};
			name = Debug;
		};
		FE834C2D1E0172CD00995177 /* Release */ = {
			isa = XCBuildConfiguration;
			buildSettings = {
				ASSETCATALOG_COMPILER_APPICON_NAME = AppIcon;
				DEVELOPMENT_TEAM = S4W9BMG93X;
				INFOPLIST_FILE = PitchPerfect/Info.plist;
				LD_RUNPATH_SEARCH_PATHS = "$(inherited) @executable_path/Frameworks";
				PRODUCT_BUNDLE_IDENTIFIER = com.tdameritrade.billheitzeg.udacity.PitchPerfect;
				PRODUCT_NAME = "$(TARGET_NAME)";
				SWIFT_VERSION = 3.0;
			};
			name = Release;
		};
/* End XCBuildConfiguration section */

/* Begin XCConfigurationList section */
		FE3BAE2A1E0988D900B22364 /* Build configuration list for PBXNativeTarget "PitchPerfectUITests" */ = {
			isa = XCConfigurationList;
			buildConfigurations = (
				FE3BAE2B1E0988D900B22364 /* Debug */,
				FE3BAE2C1E0988D900B22364 /* Release */,
			);
			defaultConfigurationIsVisible = 0;
			defaultConfigurationName = Release;
		};
		FE834C141E0172CD00995177 /* Build configuration list for PBXProject "PitchPerfect" */ = {
			isa = XCConfigurationList;
			buildConfigurations = (
				FE834C291E0172CD00995177 /* Debug */,
				FE834C2A1E0172CD00995177 /* Release */,
			);
			defaultConfigurationIsVisible = 0;
			defaultConfigurationName = Release;
		};
		FE834C2B1E0172CD00995177 /* Build configuration list for PBXNativeTarget "PitchPerfect" */ = {
			isa = XCConfigurationList;
			buildConfigurations = (
				FE834C2C1E0172CD00995177 /* Debug */,
				FE834C2D1E0172CD00995177 /* Release */,
			);
			defaultConfigurationIsVisible = 0;
			defaultConfigurationName = Release;
		};
/* End XCConfigurationList section */
	};
	rootObject = FE834C111E0172CD00995177 /* Project object */;
}
